
Microsoft Visual Studio Solution File, Format Version 12.00
# Visual Studio Version 16
VisualStudioVersion = 16.0.29123.88
MinimumVisualStudioVersion = 10.0.40219.1
Project("{FAE04EC0-301F-11D3-BF4B-00C04F79EFBC}") = "Highly Developed", "Highly Developed\Highly Developed.csproj", "{05D225F6-CC13-4203-AC62-31D70E706885}"
EndProject
Global
	GlobalSection(SolutionConfigurationPlatforms) = preSolution
		Debug|Any CPU = Debug|Any CPU
		Release|Any CPU = Release|Any CPU
	EndGlobalSection
	GlobalSection(ProjectConfigurationPlatforms) = postSolution
		{05D225F6-CC13-4203-AC62-31D70E706885}.Debug|Any CPU.ActiveCfg = Debug|Any CPU
		{05D225F6-CC13-4203-AC62-31D70E706885}.Debug|Any CPU.Build.0 = Debug|Any CPU
		{05D225F6-CC13-4203-AC62-31D70E706885}.Release|Any CPU.ActiveCfg = Release|Any CPU
		{05D225F6-CC13-4203-AC62-31D70E706885}.Release|Any CPU.Build.0 = Release|Any CPU
	EndGlobalSection
	GlobalSection(SolutionProperties) = preSolution
		HideSolutionNode = FALSE
	EndGlobalSection
	GlobalSection(ExtensibilityGlobals) = postSolution
		SolutionGuid = {A5AA7D9E-1348-48F4-8042-B05A11911CFF}
	EndGlobalSection
EndGlobal
